
Microsoft Visual Studio Solution File, Format Version 12.00
# Visual Studio 15
VisualStudioVersion = 15.0.27004.2009
MinimumVisualStudioVersion = 10.0.40219.1
Project("{FAE04EC0-301F-11D3-BF4B-00C04F79EFBC}") = "AspNet461Odata.Api", "AspNet461Odata\AspNet461Odata.Api.csproj", "{F5453C3A-2940-4F69-9428-1102A52AA1A2}"
EndProject
Project("{FAE04EC0-301F-11D3-BF4B-00C04F79EFBC}") = "AspNet461Odata.Data", "AspNet461Odata.Data\AspNet461Odata.Data.csproj", "{97C5219D-0449-4674-BE98-0385B2283BCD}"
EndProject
Project("{FAE04EC0-301F-11D3-BF4B-00C04F79EFBC}") = "AspNet461Odata.ViewModels", "AspNet461Odata.ViewModels\AspNet461Odata.ViewModels.csproj", "{B60510C2-1F3F-42BF-BE21-04DB50039670}"
EndProject
Global
	GlobalSection(SolutionConfigurationPlatforms) = preSolution
		Debug|Any CPU = Debug|Any CPU
		Release|Any CPU = Release|Any CPU
	EndGlobalSection
	GlobalSection(ProjectConfigurationPlatforms) = postSolution
		{F5453C3A-2940-4F69-9428-1102A52AA1A2}.Debug|Any CPU.ActiveCfg = Debug|Any CPU
		{F5453C3A-2940-4F69-9428-1102A52AA1A2}.Debug|Any CPU.Build.0 = Debug|Any CPU
		{F5453C3A-2940-4F69-9428-1102A52AA1A2}.Release|Any CPU.ActiveCfg = Release|Any CPU
		{F5453C3A-2940-4F69-9428-1102A52AA1A2}.Release|Any CPU.Build.0 = Release|Any CPU
		{97C5219D-0449-4674-BE98-0385B2283BCD}.Debug|Any CPU.ActiveCfg = Debug|Any CPU
		{97C5219D-0449-4674-BE98-0385B2283BCD}.Debug|Any CPU.Build.0 = Debug|Any CPU
		{97C5219D-0449-4674-BE98-0385B2283BCD}.Release|Any CPU.ActiveCfg = Release|Any CPU
		{97C5219D-0449-4674-BE98-0385B2283BCD}.Release|Any CPU.Build.0 = Release|Any CPU
		{B60510C2-1F3F-42BF-BE21-04DB50039670}.Debug|Any CPU.ActiveCfg = Debug|Any CPU
		{B60510C2-1F3F-42BF-BE21-04DB50039670}.Debug|Any CPU.Build.0 = Debug|Any CPU
		{B60510C2-1F3F-42BF-BE21-04DB50039670}.Release|Any CPU.ActiveCfg = Release|Any CPU
		{B60510C2-1F3F-42BF-BE21-04DB50039670}.Release|Any CPU.Build.0 = Release|Any CPU
	EndGlobalSection
	GlobalSection(SolutionProperties) = preSolution
		HideSolutionNode = FALSE
	EndGlobalSection
	GlobalSection(ExtensibilityGlobals) = postSolution
		SolutionGuid = {08E72EA1-37AF-4262-8C25-4DFBCDF2A609}
	EndGlobalSection
EndGlobal
